// !$*UTF8*$!
{
	archiveVersion = 1;
	classes = {
	};
	objectVersion = 56;
	objects = {

/* Begin PBXBuildFile section */
		911E47D42B87363600796D1A /* AISightQuestApp.swift in Sources */ = {isa = PBXBuildFile; fileRef = 911E47D32B87363600796D1A /* AISightQuestApp.swift */; };
		911E47D62B87363600796D1A /* MainframeView.swift in Sources */ = {isa = PBXBuildFile; fileRef = 911E47D52B87363600796D1A /* MainframeView.swift */; };
		911E47D82B87363600796D1A /* Session.swift in Sources */ = {isa = PBXBuildFile; fileRef = 911E47D72B87363600796D1A /* Session.swift */; };
		911E47DA2B87363800796D1A /* Assets.xcassets in Resources */ = {isa = PBXBuildFile; fileRef = 911E47D92B87363800796D1A /* Assets.xcassets */; };
		911E47DD2B87363800796D1A /* Preview Assets.xcassets in Resources */ = {isa = PBXBuildFile; fileRef = 911E47DC2B87363800796D1A /* Preview Assets.xcassets */; };
		911E47E72B87363800796D1A /* AISightQuestTests.swift in Sources */ = {isa = PBXBuildFile; fileRef = 911E47E62B87363800796D1A /* AISightQuestTests.swift */; };
		911E47F12B87363800796D1A /* AISightQuestUITests.swift in Sources */ = {isa = PBXBuildFile; fileRef = 911E47F02B87363800796D1A /* AISightQuestUITests.swift */; };
		911E47F32B87363800796D1A /* AISightQuestUITestsLaunchTests.swift in Sources */ = {isa = PBXBuildFile; fileRef = 911E47F22B87363800796D1A /* AISightQuestUITestsLaunchTests.swift */; };
		9141CF062BDC451E00DFAD4B /* SpeakerImage.swift in Sources */ = {isa = PBXBuildFile; fileRef = 9141CF052BDC451E00DFAD4B /* SpeakerImage.swift */; };
		914BFE152BB9B112007C911E /* CustomButtonStyle.swift in Sources */ = {isa = PBXBuildFile; fileRef = 914BFE142BB9B111007C911E /* CustomButtonStyle.swift */; };
		914CA7242BA3119E00AF7ED8 /* AI-Robot-Lottie.json in Resources */ = {isa = PBXBuildFile; fileRef = 914CA7232BA3119E00AF7ED8 /* AI-Robot-Lottie.json */; };
		91591E562BB626E100A72E1B /* (null) in Sources */ = {isa = PBXBuildFile; };
		916128C92B890BEB001094E5 /* SessionRow.swift in Sources */ = {isa = PBXBuildFile; fileRef = 916128C82B890BEB001094E5 /* SessionRow.swift */; };
		91661E292BBA0E3000F114EE /* NSAttributedString.swift in Sources */ = {isa = PBXBuildFile; fileRef = 91661E282BBA0E3000F114EE /* NSAttributedString.swift */; };
		9175871F2BDAF75A005BE5FB /* Stack.swift in Sources */ = {isa = PBXBuildFile; fileRef = 9175871E2BDAF75A005BE5FB /* Stack.swift */; };
		917F76A72BA222DE003A7031 /* Education-Lottie.json in Resources */ = {isa = PBXBuildFile; fileRef = 917F76A62BA222DE003A7031 /* Education-Lottie.json */; };
		917F76B12BA22BD7003A7031 /* Privacy-Lottie.json in Resources */ = {isa = PBXBuildFile; fileRef = 917F76B02BA22BD7003A7031 /* Privacy-Lottie.json */; };
		918391A22B8B94990085FF17 /* ScannerView.swift in Sources */ = {isa = PBXBuildFile; fileRef = 918391A12B8B94990085FF17 /* ScannerView.swift */; };
		918391A52B8B95960085FF17 /* TextRecognizer.swift in Sources */ = {isa = PBXBuildFile; fileRef = 918391A42B8B95960085FF17 /* TextRecognizer.swift */; };
		91897A422BBC8D9200002F32 /* AI-Sight-Quest-Lottie-Dark-Mode.json in Resources */ = {isa = PBXBuildFile; fileRef = 91897A412BBC8D9200002F32 /* AI-Sight-Quest-Lottie-Dark-Mode.json */; };
		91897A442BBC94A800002F32 /* Mainframe-Lottie-Dark-Mode.json in Resources */ = {isa = PBXBuildFile; fileRef = 91897A432BBC94A800002F32 /* Mainframe-Lottie-Dark-Mode.json */; };
		919439C42B88DEA4006654C2 /* MainframeViewModel.swift in Sources */ = {isa = PBXBuildFile; fileRef = 919439C32B88DEA4006654C2 /* MainframeViewModel.swift */; };
		919F8D0B2B94C905003E735A /* IntroRouter.swift in Sources */ = {isa = PBXBuildFile; fileRef = 919F8D0A2B94C905003E735A /* IntroRouter.swift */; };
		919F8D0D2B94CA80003E735A /* IntroFactory.swift in Sources */ = {isa = PBXBuildFile; fileRef = 919F8D0C2B94CA80003E735A /* IntroFactory.swift */; };
		919F8D0F2B94CA90003E735A /* IntroDependencyContainer.swift in Sources */ = {isa = PBXBuildFile; fileRef = 919F8D0E2B94CA90003E735A /* IntroDependencyContainer.swift */; };
		919F8D112B94CB01003E735A /* IntroView.swift in Sources */ = {isa = PBXBuildFile; fileRef = 919F8D102B94CB01003E735A /* IntroView.swift */; };
		919F8D132B94CB28003E735A /* IntroViewModel.swift in Sources */ = {isa = PBXBuildFile; fileRef = 919F8D122B94CB28003E735A /* IntroViewModel.swift */; };
		919F8D1B2B94CC7C003E735A /* SplashViewModel.swift in Sources */ = {isa = PBXBuildFile; fileRef = 919F8D1A2B94CC7C003E735A /* SplashViewModel.swift */; };
		919F8D1D2B94CC85003E735A /* SplashView.swift in Sources */ = {isa = PBXBuildFile; fileRef = 919F8D1C2B94CC85003E735A /* SplashView.swift */; };
		919F8D1F2B94CC8F003E735A /* SplashRouter.swift in Sources */ = {isa = PBXBuildFile; fileRef = 919F8D1E2B94CC8F003E735A /* SplashRouter.swift */; };
		919F8D212B94CC9B003E735A /* SplashFactory.swift in Sources */ = {isa = PBXBuildFile; fileRef = 919F8D202B94CC9B003E735A /* SplashFactory.swift */; };
		919F8D232B94CCA5003E735A /* SplashDependencyContainer.swift in Sources */ = {isa = PBXBuildFile; fileRef = 919F8D222B94CCA5003E735A /* SplashDependencyContainer.swift */; };
		919F8D252B94CE24003E735A /* LottieView.swift in Sources */ = {isa = PBXBuildFile; fileRef = 919F8D242B94CE24003E735A /* LottieView.swift */; };
		919F8D282B94CE73003E735A /* Lottie in Frameworks */ = {isa = PBXBuildFile; productRef = 919F8D272B94CE73003E735A /* Lottie */; };
		919F8D2A2B94CEB1003E735A /* AI-Sight-Quest-Lottie-Light-Mode.json in Resources */ = {isa = PBXBuildFile; fileRef = 919F8D292B94CEB1003E735A /* AI-Sight-Quest-Lottie-Light-Mode.json */; };
		919F8D2C2B94D52F003E735A /* UserDefaults.swift in Sources */ = {isa = PBXBuildFile; fileRef = 919F8D2B2B94D52F003E735A /* UserDefaults.swift */; };
		919F8D2E2B94D579003E735A /* StorageManager.swift in Sources */ = {isa = PBXBuildFile; fileRef = 919F8D2D2B94D579003E735A /* StorageManager.swift */; };
		919F8D392B95085B003E735A /* Intro.swift in Sources */ = {isa = PBXBuildFile; fileRef = 919F8D382B95085B003E735A /* Intro.swift */; };
		91A7A97A2BC8942B00F79CB6 /* SpeechManager.swift in Sources */ = {isa = PBXBuildFile; fileRef = 91A7A9792BC8942B00F79CB6 /* SpeechManager.swift */; };
		91C5CB7B2B8B581100132C1E /* MainframeRouter.swift in Sources */ = {isa = PBXBuildFile; fileRef = 91C5CB7A2B8B581100132C1E /* MainframeRouter.swift */; };
		91C5CB7D2B8B589F00132C1E /* MainframeFactory.swift in Sources */ = {isa = PBXBuildFile; fileRef = 91C5CB7C2B8B589F00132C1E /* MainframeFactory.swift */; };
		91C5CB7F2B8B58E000132C1E /* MainframeDependencyContainer.swift in Sources */ = {isa = PBXBuildFile; fileRef = 91C5CB7E2B8B58E000132C1E /* MainframeDependencyContainer.swift */; };
		91C5CB822B8B5A1300132C1E /* NavigationState.swift in Sources */ = {isa = PBXBuildFile; fileRef = 91C5CB812B8B5A1300132C1E /* NavigationState.swift */; };
		91C5CB842B8B5A2900132C1E /* ViewFactory.swift in Sources */ = {isa = PBXBuildFile; fileRef = 91C5CB832B8B5A2900132C1E /* ViewFactory.swift */; };
		91C5CB892B8B62FC00132C1E /* SessionDependencyContainer.swift in Sources */ = {isa = PBXBuildFile; fileRef = 91C5CB882B8B62FC00132C1E /* SessionDependencyContainer.swift */; };
		91C5CB8B2B8B630800132C1E /* SessionFactory.swift in Sources */ = {isa = PBXBuildFile; fileRef = 91C5CB8A2B8B630800132C1E /* SessionFactory.swift */; };
		91C5CB8E2B8B651800132C1E /* SessionView.swift in Sources */ = {isa = PBXBuildFile; fileRef = 91C5CB8D2B8B651800132C1E /* SessionView.swift */; };
		91C5CB912B8B654700132C1E /* SessionViewModel.swift in Sources */ = {isa = PBXBuildFile; fileRef = 91C5CB902B8B654700132C1E /* SessionViewModel.swift */; };
		91C5CB942B8B662700132C1E /* SessionRouter.swift in Sources */ = {isa = PBXBuildFile; fileRef = 91C5CB932B8B662700132C1E /* SessionRouter.swift */; };
		91C5CB962B8B6D2A00132C1E /* ModelContextExtension.swift in Sources */ = {isa = PBXBuildFile; fileRef = 91C5CB952B8B6D2A00132C1E /* ModelContextExtension.swift */; };
		91C5CB992B8B757700132C1E /* View.swift in Sources */ = {isa = PBXBuildFile; fileRef = 91C5CB982B8B757700132C1E /* View.swift */; };
		91C6B6FE2BDC272800BD42A3 /* CustomProgressView.swift in Sources */ = {isa = PBXBuildFile; fileRef = 91C6B6FD2BDC272800BD42A3 /* CustomProgressView.swift */; };
		91ECF91C2B93E48600517B67 /* Routes.swift in Sources */ = {isa = PBXBuildFile; fileRef = 91ECF91B2B93E48600517B67 /* Routes.swift */; };
		91ECF9232B93E51E00517B67 /* BERT.swift in Sources */ = {isa = PBXBuildFile; fileRef = 91ECF91E2B93E51E00517B67 /* BERT.swift */; };
		91ECF9242B93E51E00517B67 /* BERTInput.swift in Sources */ = {isa = PBXBuildFile; fileRef = 91ECF91F2B93E51E00517B67 /* BERTInput.swift */; };
		91ECF9252B93E51E00517B67 /* BERTOutput.swift in Sources */ = {isa = PBXBuildFile; fileRef = 91ECF9202B93E51E00517B67 /* BERTOutput.swift */; };
		91ECF9262B93E51E00517B67 /* BERTVocabulary.swift in Sources */ = {isa = PBXBuildFile; fileRef = 91ECF9212B93E51E00517B67 /* BERTVocabulary.swift */; };
		91ECF9272B93E51E00517B67 /* TokenizedString.swift in Sources */ = {isa = PBXBuildFile; fileRef = 91ECF9222B93E51E00517B67 /* TokenizedString.swift */; };
		91ECF92A2B93E57000517B67 /* bert-base-uncased-vocab.txt in Resources */ = {isa = PBXBuildFile; fileRef = 91ECF9292B93E56F00517B67 /* bert-base-uncased-vocab.txt */; };
		91ECF92D2B93E62300517B67 /* TextView.swift in Sources */ = {isa = PBXBuildFile; fileRef = 91ECF92C2B93E62300517B67 /* TextView.swift */; };
		91EF21EC2B894AF700FBFEC3 /* Localizable.xcstrings in Resources */ = {isa = PBXBuildFile; fileRef = 91EF21EB2B894AF700FBFEC3 /* Localizable.xcstrings */; };
		91F7B0E32BB0B5D400136241 /* ScanDocumentTip.swift in Sources */ = {isa = PBXBuildFile; fileRef = 91F7B0E22BB0B5D400136241 /* ScanDocumentTip.swift */; };
		91FB811A2BA622F50052C15F /* NewSessionTip.swift in Sources */ = {isa = PBXBuildFile; fileRef = 91FB81192BA622F50052C15F /* NewSessionTip.swift */; };
		91FDF5A02BA38E5200180583 /* MainframeBackgroundView.swift in Sources */ = {isa = PBXBuildFile; fileRef = 91FDF59F2BA38E5200180583 /* MainframeBackgroundView.swift */; };
		91FDF5A22BA3A87200180583 /* Mainframe-Lottie-Light-Mode.json in Resources */ = {isa = PBXBuildFile; fileRef = 91FDF5A12BA3A87200180583 /* Mainframe-Lottie-Light-Mode.json */; };
/* End PBXBuildFile section */

/* Begin PBXContainerItemProxy section */
		911E47E32B87363800796D1A /* PBXContainerItemProxy */ = {
			isa = PBXContainerItemProxy;
			containerPortal = 911E47C82B87363600796D1A /* Project object */;
			proxyType = 1;
			remoteGlobalIDString = 911E47CF2B87363600796D1A;
			remoteInfo = AISightQuest;
		};
		911E47ED2B87363800796D1A /* PBXContainerItemProxy */ = {
			isa = PBXContainerItemProxy;
			containerPortal = 911E47C82B87363600796D1A /* Project object */;
			proxyType = 1;
			remoteGlobalIDString = 911E47CF2B87363600796D1A;
			remoteInfo = AISightQuest;
		};
/* End PBXContainerItemProxy section */

/* Begin PBXFileReference section */
		911E47D02B87363600796D1A /* AISightQuest.app */ = {isa = PBXFileReference; explicitFileType = wrapper.application; includeInIndex = 0; path = AISightQuest.app; sourceTree = BUILT_PRODUCTS_DIR; };
		911E47D32B87363600796D1A /* AISightQuestApp.swift */ = {isa = PBXFileReference; lastKnownFileType = sourcecode.swift; path = AISightQuestApp.swift; sourceTree = "<group>"; };
		911E47D52B87363600796D1A /* MainframeView.swift */ = {isa = PBXFileReference; lastKnownFileType = sourcecode.swift; path = MainframeView.swift; sourceTree = "<group>"; };
		911E47D72B87363600796D1A /* Session.swift */ = {isa = PBXFileReference; lastKnownFileType = sourcecode.swift; path = Session.swift; sourceTree = "<group>"; };
		911E47D92B87363800796D1A /* Assets.xcassets */ = {isa = PBXFileReference; lastKnownFileType = folder.assetcatalog; path = Assets.xcassets; sourceTree = "<group>"; };
		911E47DC2B87363800796D1A /* Preview Assets.xcassets */ = {isa = PBXFileReference; lastKnownFileType = folder.assetcatalog; path = "Preview Assets.xcassets"; sourceTree = "<group>"; };
		911E47E22B87363800796D1A /* AISightQuestTests.xctest */ = {isa = PBXFileReference; explicitFileType = wrapper.cfbundle; includeInIndex = 0; path = AISightQuestTests.xctest; sourceTree = BUILT_PRODUCTS_DIR; };
		911E47E62B87363800796D1A /* AISightQuestTests.swift */ = {isa = PBXFileReference; lastKnownFileType = sourcecode.swift; path = AISightQuestTests.swift; sourceTree = "<group>"; };
		911E47EC2B87363800796D1A /* AISightQuestUITests.xctest */ = {isa = PBXFileReference; explicitFileType = wrapper.cfbundle; includeInIndex = 0; path = AISightQuestUITests.xctest; sourceTree = BUILT_PRODUCTS_DIR; };
		911E47F02B87363800796D1A /* AISightQuestUITests.swift */ = {isa = PBXFileReference; lastKnownFileType = sourcecode.swift; path = AISightQuestUITests.swift; sourceTree = "<group>"; };
		911E47F22B87363800796D1A /* AISightQuestUITestsLaunchTests.swift */ = {isa = PBXFileReference; lastKnownFileType = sourcecode.swift; path = AISightQuestUITestsLaunchTests.swift; sourceTree = "<group>"; };
		9141CF052BDC451E00DFAD4B /* SpeakerImage.swift */ = {isa = PBXFileReference; lastKnownFileType = sourcecode.swift; path = SpeakerImage.swift; sourceTree = "<group>"; };
		914BFE142BB9B111007C911E /* CustomButtonStyle.swift */ = {isa = PBXFileReference; fileEncoding = 4; lastKnownFileType = sourcecode.swift; path = CustomButtonStyle.swift; sourceTree = "<group>"; };
		914CA7232BA3119E00AF7ED8 /* AI-Robot-Lottie.json */ = {isa = PBXFileReference; fileEncoding = 4; lastKnownFileType = text.json; path = "AI-Robot-Lottie.json"; sourceTree = "<group>"; };
		916128C82B890BEB001094E5 /* SessionRow.swift */ = {isa = PBXFileReference; lastKnownFileType = sourcecode.swift; path = SessionRow.swift; sourceTree = "<group>"; };
		91661E282BBA0E3000F114EE /* NSAttributedString.swift */ = {isa = PBXFileReference; lastKnownFileType = sourcecode.swift; path = NSAttributedString.swift; sourceTree = "<group>"; };
		9175871E2BDAF75A005BE5FB /* Stack.swift */ = {isa = PBXFileReference; lastKnownFileType = sourcecode.swift; path = Stack.swift; sourceTree = "<group>"; };
		917F76A62BA222DE003A7031 /* Education-Lottie.json */ = {isa = PBXFileReference; fileEncoding = 4; lastKnownFileType = text.json; path = "Education-Lottie.json"; sourceTree = "<group>"; };
		917F76B02BA22BD7003A7031 /* Privacy-Lottie.json */ = {isa = PBXFileReference; fileEncoding = 4; lastKnownFileType = text.json; path = "Privacy-Lottie.json"; sourceTree = "<group>"; };
		918391A12B8B94990085FF17 /* ScannerView.swift */ = {isa = PBXFileReference; lastKnownFileType = sourcecode.swift; path = ScannerView.swift; sourceTree = "<group>"; };
		918391A42B8B95960085FF17 /* TextRecognizer.swift */ = {isa = PBXFileReference; lastKnownFileType = sourcecode.swift; path = TextRecognizer.swift; sourceTree = "<group>"; };
		91897A412BBC8D9200002F32 /* AI-Sight-Quest-Lottie-Dark-Mode.json */ = {isa = PBXFileReference; fileEncoding = 4; lastKnownFileType = text.json; path = "AI-Sight-Quest-Lottie-Dark-Mode.json"; sourceTree = "<group>"; };
		91897A432BBC94A800002F32 /* Mainframe-Lottie-Dark-Mode.json */ = {isa = PBXFileReference; fileEncoding = 4; lastKnownFileType = text.json; path = "Mainframe-Lottie-Dark-Mode.json"; sourceTree = "<group>"; };
		919439C32B88DEA4006654C2 /* MainframeViewModel.swift */ = {isa = PBXFileReference; lastKnownFileType = sourcecode.swift; path = MainframeViewModel.swift; sourceTree = "<group>"; };
		919F8D0A2B94C905003E735A /* IntroRouter.swift */ = {isa = PBXFileReference; lastKnownFileType = sourcecode.swift; path = IntroRouter.swift; sourceTree = "<group>"; };
		919F8D0C2B94CA80003E735A /* IntroFactory.swift */ = {isa = PBXFileReference; lastKnownFileType = sourcecode.swift; path = IntroFactory.swift; sourceTree = "<group>"; };
		919F8D0E2B94CA90003E735A /* IntroDependencyContainer.swift */ = {isa = PBXFileReference; lastKnownFileType = sourcecode.swift; path = IntroDependencyContainer.swift; sourceTree = "<group>"; };
		919F8D102B94CB01003E735A /* IntroView.swift */ = {isa = PBXFileReference; lastKnownFileType = sourcecode.swift; path = IntroView.swift; sourceTree = "<group>"; };
		919F8D122B94CB28003E735A /* IntroViewModel.swift */ = {isa = PBXFileReference; lastKnownFileType = sourcecode.swift; path = IntroViewModel.swift; sourceTree = "<group>"; };
		919F8D1A2B94CC7C003E735A /* SplashViewModel.swift */ = {isa = PBXFileReference; lastKnownFileType = sourcecode.swift; path = SplashViewModel.swift; sourceTree = "<group>"; };
		919F8D1C2B94CC85003E735A /* SplashView.swift */ = {isa = PBXFileReference; lastKnownFileType = sourcecode.swift; path = SplashView.swift; sourceTree = "<group>"; };
		919F8D1E2B94CC8F003E735A /* SplashRouter.swift */ = {isa = PBXFileReference; lastKnownFileType = sourcecode.swift; path = SplashRouter.swift; sourceTree = "<group>"; };
		919F8D202B94CC9B003E735A /* SplashFactory.swift */ = {isa = PBXFileReference; lastKnownFileType = sourcecode.swift; path = SplashFactory.swift; sourceTree = "<group>"; };
		919F8D222B94CCA5003E735A /* SplashDependencyContainer.swift */ = {isa = PBXFileReference; lastKnownFileType = sourcecode.swift; path = SplashDependencyContainer.swift; sourceTree = "<group>"; };
		919F8D242B94CE24003E735A /* LottieView.swift */ = {isa = PBXFileReference; lastKnownFileType = sourcecode.swift; path = LottieView.swift; sourceTree = "<group>"; };
		919F8D292B94CEB1003E735A /* AI-Sight-Quest-Lottie-Light-Mode.json */ = {isa = PBXFileReference; fileEncoding = 4; lastKnownFileType = text.json; path = "AI-Sight-Quest-Lottie-Light-Mode.json"; sourceTree = "<group>"; };
		919F8D2B2B94D52F003E735A /* UserDefaults.swift */ = {isa = PBXFileReference; lastKnownFileType = sourcecode.swift; path = UserDefaults.swift; sourceTree = "<group>"; };
		919F8D2D2B94D579003E735A /* StorageManager.swift */ = {isa = PBXFileReference; lastKnownFileType = sourcecode.swift; path = StorageManager.swift; sourceTree = "<group>"; };
		919F8D382B95085B003E735A /* Intro.swift */ = {isa = PBXFileReference; lastKnownFileType = sourcecode.swift; path = Intro.swift; sourceTree = "<group>"; };
		91A7A9792BC8942B00F79CB6 /* SpeechManager.swift */ = {isa = PBXFileReference; lastKnownFileType = sourcecode.swift; path = SpeechManager.swift; sourceTree = "<group>"; };
		91C5CB7A2B8B581100132C1E /* MainframeRouter.swift */ = {isa = PBXFileReference; lastKnownFileType = sourcecode.swift; path = MainframeRouter.swift; sourceTree = "<group>"; };
		91C5CB7C2B8B589F00132C1E /* MainframeFactory.swift */ = {isa = PBXFileReference; lastKnownFileType = sourcecode.swift; path = MainframeFactory.swift; sourceTree = "<group>"; };
		91C5CB7E2B8B58E000132C1E /* MainframeDependencyContainer.swift */ = {isa = PBXFileReference; lastKnownFileType = sourcecode.swift; path = MainframeDependencyContainer.swift; sourceTree = "<group>"; };
		91C5CB812B8B5A1300132C1E /* NavigationState.swift */ = {isa = PBXFileReference; lastKnownFileType = sourcecode.swift; path = NavigationState.swift; sourceTree = "<group>"; };
		91C5CB832B8B5A2900132C1E /* ViewFactory.swift */ = {isa = PBXFileReference; lastKnownFileType = sourcecode.swift; path = ViewFactory.swift; sourceTree = "<group>"; };
		91C5CB882B8B62FC00132C1E /* SessionDependencyContainer.swift */ = {isa = PBXFileReference; lastKnownFileType = sourcecode.swift; path = SessionDependencyContainer.swift; sourceTree = "<group>"; };
		91C5CB8A2B8B630800132C1E /* SessionFactory.swift */ = {isa = PBXFileReference; lastKnownFileType = sourcecode.swift; path = SessionFactory.swift; sourceTree = "<group>"; };
		91C5CB8D2B8B651800132C1E /* SessionView.swift */ = {isa = PBXFileReference; lastKnownFileType = sourcecode.swift; path = SessionView.swift; sourceTree = "<group>"; };
		91C5CB902B8B654700132C1E /* SessionViewModel.swift */ = {isa = PBXFileReference; lastKnownFileType = sourcecode.swift; path = SessionViewModel.swift; sourceTree = "<group>"; };
		91C5CB932B8B662700132C1E /* SessionRouter.swift */ = {isa = PBXFileReference; lastKnownFileType = sourcecode.swift; path = SessionRouter.swift; sourceTree = "<group>"; };
		91C5CB952B8B6D2A00132C1E /* ModelContextExtension.swift */ = {isa = PBXFileReference; lastKnownFileType = sourcecode.swift; path = ModelContextExtension.swift; sourceTree = "<group>"; };
		91C5CB982B8B757700132C1E /* View.swift */ = {isa = PBXFileReference; lastKnownFileType = sourcecode.swift; path = View.swift; sourceTree = "<group>"; };
		91C6B6FD2BDC272800BD42A3 /* CustomProgressView.swift */ = {isa = PBXFileReference; lastKnownFileType = sourcecode.swift; path = CustomProgressView.swift; sourceTree = "<group>"; };
		91ECF91B2B93E48600517B67 /* Routes.swift */ = {isa = PBXFileReference; fileEncoding = 4; lastKnownFileType = sourcecode.swift; path = Routes.swift; sourceTree = "<group>"; };
		91ECF91E2B93E51E00517B67 /* BERT.swift */ = {isa = PBXFileReference; fileEncoding = 4; lastKnownFileType = sourcecode.swift; path = BERT.swift; sourceTree = "<group>"; };
		91ECF91F2B93E51E00517B67 /* BERTInput.swift */ = {isa = PBXFileReference; fileEncoding = 4; lastKnownFileType = sourcecode.swift; path = BERTInput.swift; sourceTree = "<group>"; };
		91ECF9202B93E51E00517B67 /* BERTOutput.swift */ = {isa = PBXFileReference; fileEncoding = 4; lastKnownFileType = sourcecode.swift; path = BERTOutput.swift; sourceTree = "<group>"; };
		91ECF9212B93E51E00517B67 /* BERTVocabulary.swift */ = {isa = PBXFileReference; fileEncoding = 4; lastKnownFileType = sourcecode.swift; path = BERTVocabulary.swift; sourceTree = "<group>"; };
		91ECF9222B93E51E00517B67 /* TokenizedString.swift */ = {isa = PBXFileReference; fileEncoding = 4; lastKnownFileType = sourcecode.swift; path = TokenizedString.swift; sourceTree = "<group>"; };
		91ECF9292B93E56F00517B67 /* bert-base-uncased-vocab.txt */ = {isa = PBXFileReference; fileEncoding = 4; lastKnownFileType = text; path = "bert-base-uncased-vocab.txt"; sourceTree = "<group>"; };
		91ECF92C2B93E62300517B67 /* TextView.swift */ = {isa = PBXFileReference; lastKnownFileType = sourcecode.swift; path = TextView.swift; sourceTree = "<group>"; };
		91EF21EB2B894AF700FBFEC3 /* Localizable.xcstrings */ = {isa = PBXFileReference; lastKnownFileType = text.json.xcstrings; path = Localizable.xcstrings; sourceTree = "<group>"; };
		91F7B0E22BB0B5D400136241 /* ScanDocumentTip.swift */ = {isa = PBXFileReference; lastKnownFileType = sourcecode.swift; path = ScanDocumentTip.swift; sourceTree = "<group>"; };
		91FB81192BA622F50052C15F /* NewSessionTip.swift */ = {isa = PBXFileReference; lastKnownFileType = sourcecode.swift; path = NewSessionTip.swift; sourceTree = "<group>"; };
		91FDF59F2BA38E5200180583 /* MainframeBackgroundView.swift */ = {isa = PBXFileReference; lastKnownFileType = sourcecode.swift; path = MainframeBackgroundView.swift; sourceTree = "<group>"; };
		91FDF5A12BA3A87200180583 /* Mainframe-Lottie-Light-Mode.json */ = {isa = PBXFileReference; fileEncoding = 4; lastKnownFileType = text.json; path = "Mainframe-Lottie-Light-Mode.json"; sourceTree = "<group>"; };
/* End PBXFileReference section */

/* Begin PBXFrameworksBuildPhase section */
		911E47CD2B87363600796D1A /* Frameworks */ = {
			isa = PBXFrameworksBuildPhase;
			buildActionMask = 2147483647;
			files = (
				919F8D282B94CE73003E735A /* Lottie in Frameworks */,
			);
			runOnlyForDeploymentPostprocessing = 0;
		};
		911E47DF2B87363800796D1A /* Frameworks */ = {
			isa = PBXFrameworksBuildPhase;
			buildActionMask = 2147483647;
			files = (
			);
			runOnlyForDeploymentPostprocessing = 0;
		};
		911E47E92B87363800796D1A /* Frameworks */ = {
			isa = PBXFrameworksBuildPhase;
			buildActionMask = 2147483647;
			files = (
			);
			runOnlyForDeploymentPostprocessing = 0;
		};
/* End PBXFrameworksBuildPhase section */

/* Begin PBXGroup section */
		911E47C72B87363600796D1A = {
			isa = PBXGroup;
			children = (
				911E47D22B87363600796D1A /* AISightQuest */,
				911E47E52B87363800796D1A /* AISightQuestTests */,
				911E47EF2B87363800796D1A /* AISightQuestUITests */,
				911E47D12B87363600796D1A /* Products */,
			);
			sourceTree = "<group>";
		};
		911E47D12B87363600796D1A /* Products */ = {
			isa = PBXGroup;
			children = (
				911E47D02B87363600796D1A /* AISightQuest.app */,
				911E47E22B87363800796D1A /* AISightQuestTests.xctest */,
				911E47EC2B87363800796D1A /* AISightQuestUITests.xctest */,
			);
			name = Products;
			sourceTree = "<group>";
		};
		911E47D22B87363600796D1A /* AISightQuest */ = {
			isa = PBXGroup;
			children = (
				911E47D32B87363600796D1A /* AISightQuestApp.swift */,
				918EFFAA2B88A6380012BCE0 /* Common */,
				918EFFA92B88A62D0012BCE0 /* Modules */,
				918EFFA82B88A5EA0012BCE0 /* Resources */,
			);
			path = AISightQuest;
			sourceTree = "<group>";
		};
		911E47DB2B87363800796D1A /* Preview Content */ = {
			isa = PBXGroup;
			children = (
				911E47DC2B87363800796D1A /* Preview Assets.xcassets */,
			);
			path = "Preview Content";
			sourceTree = "<group>";
		};
		911E47E52B87363800796D1A /* AISightQuestTests */ = {
			isa = PBXGroup;
			children = (
				911E47E62B87363800796D1A /* AISightQuestTests.swift */,
			);
			path = AISightQuestTests;
			sourceTree = "<group>";
		};
		911E47EF2B87363800796D1A /* AISightQuestUITests */ = {
			isa = PBXGroup;
			children = (
				911E47F02B87363800796D1A /* AISightQuestUITests.swift */,
				911E47F22B87363800796D1A /* AISightQuestUITestsLaunchTests.swift */,
			);
			path = AISightQuestUITests;
			sourceTree = "<group>";
		};
		917F76B22BA22C0A003A7031 /* LottieAnimations */ = {
			isa = PBXGroup;
			children = (
				914CA7232BA3119E00AF7ED8 /* AI-Robot-Lottie.json */,
				91897A412BBC8D9200002F32 /* AI-Sight-Quest-Lottie-Dark-Mode.json */,
				919F8D292B94CEB1003E735A /* AI-Sight-Quest-Lottie-Light-Mode.json */,
				917F76A62BA222DE003A7031 /* Education-Lottie.json */,
				91897A432BBC94A800002F32 /* Mainframe-Lottie-Dark-Mode.json */,
				91FDF5A12BA3A87200180583 /* Mainframe-Lottie-Light-Mode.json */,
				917F76B02BA22BD7003A7031 /* Privacy-Lottie.json */,
			);
			path = LottieAnimations;
			sourceTree = "<group>";
		};
		918391A32B8B95880085FF17 /* Model */ = {
			isa = PBXGroup;
			children = (
				918391A42B8B95960085FF17 /* TextRecognizer.swift */,
				91A7A9792BC8942B00F79CB6 /* SpeechManager.swift */,
				91ECF91D2B93E51E00517B67 /* BERT Core ML Model */,
			);
			path = Model;
			sourceTree = "<group>";
		};
		918EFFA82B88A5EA0012BCE0 /* Resources */ = {
			isa = PBXGroup;
			children = (
				911E47D92B87363800796D1A /* Assets.xcassets */,
				91EF21EB2B894AF700FBFEC3 /* Localizable.xcstrings */,
				91ECF9282B93E56F00517B67 /* BERT Core ML Model Resources */,
				917F76B22BA22C0A003A7031 /* LottieAnimations */,
				911E47DB2B87363800796D1A /* Preview Content */,
			);
			path = Resources;
			sourceTree = "<group>";
		};
		918EFFA92B88A62D0012BCE0 /* Modules */ = {
			isa = PBXGroup;
			children = (
				919F8D142B94CC48003E735A /* Splash */,
				919F8D042B94C887003E735A /* Intro */,
				91C5CB852B8B62D600132C1E /* Session */,
				919439BF2B88B2FC006654C2 /* Mainframe */,
			);
			path = Modules;
			sourceTree = "<group>";
		};
		918EFFAA2B88A6380012BCE0 /* Common */ = {
			isa = PBXGroup;
			children = (
				91C5CB812B8B5A1300132C1E /* NavigationState.swift */,
				91ECF91B2B93E48600517B67 /* Routes.swift */,
				91C5CB832B8B5A2900132C1E /* ViewFactory.swift */,
				91C5CB972B8B756D00132C1E /* Extensions */,
				91ECF92B2B93E60E00517B67 /* View */,
			);
			path = Common;
			sourceTree = "<group>";
		};
		919439BF2B88B2FC006654C2 /* Mainframe */ = {
			isa = PBXGroup;
			children = (
				91C5CB802B8B58E300132C1E /* DependencyContainer */,
				919439C02B88B305006654C2 /* Model */,
				91C5CB862B8B62E100132C1E /* Router */,
				919439C12B88B31F006654C2 /* View */,
				919439C22B88DE55006654C2 /* ViewModel */,
			);
			path = Mainframe;
			sourceTree = "<group>";
		};
		919439C02B88B305006654C2 /* Model */ = {
			isa = PBXGroup;
			children = (
				911E47D72B87363600796D1A /* Session.swift */,
				91C5CB952B8B6D2A00132C1E /* ModelContextExtension.swift */,
			);
			path = Model;
			sourceTree = "<group>";
		};
		919439C12B88B31F006654C2 /* View */ = {
			isa = PBXGroup;
			children = (
				911E47D52B87363600796D1A /* MainframeView.swift */,
				91FDF59F2BA38E5200180583 /* MainframeBackgroundView.swift */,
				916128C82B890BEB001094E5 /* SessionRow.swift */,
				91FB81192BA622F50052C15F /* NewSessionTip.swift */,
			);
			path = View;
			sourceTree = "<group>";
		};
		919439C22B88DE55006654C2 /* ViewModel */ = {
			isa = PBXGroup;
			children = (
				919439C32B88DEA4006654C2 /* MainframeViewModel.swift */,
			);
			path = ViewModel;
			sourceTree = "<group>";
		};
		919F8D042B94C887003E735A /* Intro */ = {
			isa = PBXGroup;
			children = (
				919F8D082B94C8BD003E735A /* DependencyContainer */,
				919F8D052B94C89D003E735A /* Model */,
				919F8D092B94C8CC003E735A /* Router */,
				919F8D062B94C8A9003E735A /* View */,
				919F8D072B94C8B1003E735A /* ViewModel */,
			);
			path = Intro;
			sourceTree = "<group>";
		};
		919F8D052B94C89D003E735A /* Model */ = {
			isa = PBXGroup;
			children = (
				919F8D382B95085B003E735A /* Intro.swift */,
			);
			path = Model;
			sourceTree = "<group>";
		};
		919F8D062B94C8A9003E735A /* View */ = {
			isa = PBXGroup;
			children = (
				919F8D102B94CB01003E735A /* IntroView.swift */,
			);
			path = View;
			sourceTree = "<group>";
		};
		919F8D072B94C8B1003E735A /* ViewModel */ = {
			isa = PBXGroup;
			children = (
				919F8D122B94CB28003E735A /* IntroViewModel.swift */,
			);
			path = ViewModel;
			sourceTree = "<group>";
		};
		919F8D082B94C8BD003E735A /* DependencyContainer */ = {
			isa = PBXGroup;
			children = (
				919F8D0E2B94CA90003E735A /* IntroDependencyContainer.swift */,
				919F8D0C2B94CA80003E735A /* IntroFactory.swift */,
			);
			path = DependencyContainer;
			sourceTree = "<group>";
		};
		919F8D092B94C8CC003E735A /* Router */ = {
			isa = PBXGroup;
			children = (
				919F8D0A2B94C905003E735A /* IntroRouter.swift */,
			);
			path = Router;
			sourceTree = "<group>";
		};
		919F8D142B94CC48003E735A /* Splash */ = {
			isa = PBXGroup;
			children = (
				919F8D152B94CC4F003E735A /* DependencyContainer */,
				919F8D162B94CC57003E735A /* Model */,
				919F8D172B94CC5E003E735A /* Router */,
				919F8D182B94CC65003E735A /* View */,
				919F8D192B94CC69003E735A /* ViewModel */,
			);
			path = Splash;
			sourceTree = "<group>";
		};
		919F8D152B94CC4F003E735A /* DependencyContainer */ = {
			isa = PBXGroup;
			children = (
				919F8D222B94CCA5003E735A /* SplashDependencyContainer.swift */,
				919F8D202B94CC9B003E735A /* SplashFactory.swift */,
			);
			path = DependencyContainer;
			sourceTree = "<group>";
		};
		919F8D162B94CC57003E735A /* Model */ = {
			isa = PBXGroup;
			children = (
			);
			path = Model;
			sourceTree = "<group>";
		};
		919F8D172B94CC5E003E735A /* Router */ = {
			isa = PBXGroup;
			children = (
				919F8D1E2B94CC8F003E735A /* SplashRouter.swift */,
			);
			path = Router;
			sourceTree = "<group>";
		};
		919F8D182B94CC65003E735A /* View */ = {
			isa = PBXGroup;
			children = (
				919F8D1C2B94CC85003E735A /* SplashView.swift */,
			);
			path = View;
			sourceTree = "<group>";
		};
		919F8D192B94CC69003E735A /* ViewModel */ = {
			isa = PBXGroup;
			children = (
				919F8D1A2B94CC7C003E735A /* SplashViewModel.swift */,
			);
			path = ViewModel;
			sourceTree = "<group>";
		};
		91C5CB802B8B58E300132C1E /* DependencyContainer */ = {
			isa = PBXGroup;
			children = (
				91C5CB7E2B8B58E000132C1E /* MainframeDependencyContainer.swift */,
				91C5CB7C2B8B589F00132C1E /* MainframeFactory.swift */,
			);
			path = DependencyContainer;
			sourceTree = "<group>";
		};
		91C5CB852B8B62D600132C1E /* Session */ = {
			isa = PBXGroup;
			children = (
				91C5CB872B8B62F100132C1E /* DependencyContainer */,
				918391A32B8B95880085FF17 /* Model */,
				91C5CB922B8B661F00132C1E /* Router */,
				91C5CB8C2B8B650D00132C1E /* View */,
				91C5CB8F2B8B653A00132C1E /* ViewModel */,
			);
			path = Session;
			sourceTree = "<group>";
		};
		91C5CB862B8B62E100132C1E /* Router */ = {
			isa = PBXGroup;
			children = (
				91C5CB7A2B8B581100132C1E /* MainframeRouter.swift */,
			);
			path = Router;
			sourceTree = "<group>";
		};
		91C5CB872B8B62F100132C1E /* DependencyContainer */ = {
			isa = PBXGroup;
			children = (
				91C5CB882B8B62FC00132C1E /* SessionDependencyContainer.swift */,
				91C5CB8A2B8B630800132C1E /* SessionFactory.swift */,
			);
			path = DependencyContainer;
			sourceTree = "<group>";
		};
		91C5CB8C2B8B650D00132C1E /* View */ = {
			isa = PBXGroup;
			children = (
				91C5CB8D2B8B651800132C1E /* SessionView.swift */,
				918391A12B8B94990085FF17 /* ScannerView.swift */,
				91F7B0E22BB0B5D400136241 /* ScanDocumentTip.swift */,
			);
			path = View;
			sourceTree = "<group>";
		};
		91C5CB8F2B8B653A00132C1E /* ViewModel */ = {
			isa = PBXGroup;
			children = (
				91C5CB902B8B654700132C1E /* SessionViewModel.swift */,
			);
			path = ViewModel;
			sourceTree = "<group>";
		};
		91C5CB922B8B661F00132C1E /* Router */ = {
			isa = PBXGroup;
			children = (
				91C5CB932B8B662700132C1E /* SessionRouter.swift */,
			);
			path = Router;
			sourceTree = "<group>";
		};
		91C5CB972B8B756D00132C1E /* Extensions */ = {
			isa = PBXGroup;
			children = (
				91C5CB982B8B757700132C1E /* View.swift */,
				91661E282BBA0E3000F114EE /* NSAttributedString.swift */,
				919F8D2B2B94D52F003E735A /* UserDefaults.swift */,
				919F8D2D2B94D579003E735A /* StorageManager.swift */,
			);
			path = Extensions;
			sourceTree = "<group>";
		};
		91ECF91D2B93E51E00517B67 /* BERT Core ML Model */ = {
			isa = PBXGroup;
			children = (
				91ECF91E2B93E51E00517B67 /* BERT.swift */,
				91ECF91F2B93E51E00517B67 /* BERTInput.swift */,
				91ECF9202B93E51E00517B67 /* BERTOutput.swift */,
				91ECF9212B93E51E00517B67 /* BERTVocabulary.swift */,
				91ECF9222B93E51E00517B67 /* TokenizedString.swift */,
			);
			path = "BERT Core ML Model";
			sourceTree = "<group>";
		};
		91ECF9282B93E56F00517B67 /* BERT Core ML Model Resources */ = {
			isa = PBXGroup;
			children = (
				91ECF9292B93E56F00517B67 /* bert-base-uncased-vocab.txt */,
			);
			path = "BERT Core ML Model Resources";
			sourceTree = "<group>";
		};
		91ECF92B2B93E60E00517B67 /* View */ = {
			isa = PBXGroup;
			children = (
				914BFE142BB9B111007C911E /* CustomButtonStyle.swift */,
				91C6B6FD2BDC272800BD42A3 /* CustomProgressView.swift */,
				919F8D242B94CE24003E735A /* LottieView.swift */,
				9141CF052BDC451E00DFAD4B /* SpeakerImage.swift */,
				9175871E2BDAF75A005BE5FB /* Stack.swift */,
				91ECF92C2B93E62300517B67 /* TextView.swift */,
			);
			path = View;
			sourceTree = "<group>";
		};
/* End PBXGroup section */

/* Begin PBXNativeTarget section */
		911E47CF2B87363600796D1A /* AISightQuest */ = {
			isa = PBXNativeTarget;
			buildConfigurationList = 911E47F62B87363800796D1A /* Build configuration list for PBXNativeTarget "AISightQuest" */;
			buildPhases = (
				911E47CC2B87363600796D1A /* Sources */,
				911E47CD2B87363600796D1A /* Frameworks */,
				911E47CE2B87363600796D1A /* Resources */,
			);
			buildRules = (
			);
			dependencies = (
			);
			name = AISightQuest;
			packageProductDependencies = (
				919F8D272B94CE73003E735A /* Lottie */,
			);
			productName = AISightQuest;
			productReference = 911E47D02B87363600796D1A /* AISightQuest.app */;
			productType = "com.apple.product-type.application";
		};
		911E47E12B87363800796D1A /* AISightQuestTests */ = {
			isa = PBXNativeTarget;
			buildConfigurationList = 911E47F92B87363800796D1A /* Build configuration list for PBXNativeTarget "AISightQuestTests" */;
			buildPhases = (
				911E47DE2B87363800796D1A /* Sources */,
				911E47DF2B87363800796D1A /* Frameworks */,
				911E47E02B87363800796D1A /* Resources */,
			);
			buildRules = (
			);
			dependencies = (
				911E47E42B87363800796D1A /* PBXTargetDependency */,
			);
			name = AISightQuestTests;
			productName = AISightQuestTests;
			productReference = 911E47E22B87363800796D1A /* AISightQuestTests.xctest */;
			productType = "com.apple.product-type.bundle.unit-test";
		};
		911E47EB2B87363800796D1A /* AISightQuestUITests */ = {
			isa = PBXNativeTarget;
			buildConfigurationList = 911E47FC2B87363800796D1A /* Build configuration list for PBXNativeTarget "AISightQuestUITests" */;
			buildPhases = (
				911E47E82B87363800796D1A /* Sources */,
				911E47E92B87363800796D1A /* Frameworks */,
				911E47EA2B87363800796D1A /* Resources */,
			);
			buildRules = (
			);
			dependencies = (
				911E47EE2B87363800796D1A /* PBXTargetDependency */,
			);
			name = AISightQuestUITests;
			productName = AISightQuestUITests;
			productReference = 911E47EC2B87363800796D1A /* AISightQuestUITests.xctest */;
			productType = "com.apple.product-type.bundle.ui-testing";
		};
/* End PBXNativeTarget section */

/* Begin PBXProject section */
		911E47C82B87363600796D1A /* Project object */ = {
			isa = PBXProject;
			attributes = {
				BuildIndependentTargetsInParallel = 1;
				LastSwiftUpdateCheck = 1520;
				LastUpgradeCheck = 1520;
				TargetAttributes = {
					911E47CF2B87363600796D1A = {
						CreatedOnToolsVersion = 15.2;
					};
					911E47E12B87363800796D1A = {
						CreatedOnToolsVersion = 15.2;
						TestTargetID = 911E47CF2B87363600796D1A;
					};
					911E47EB2B87363800796D1A = {
						CreatedOnToolsVersion = 15.2;
						TestTargetID = 911E47CF2B87363600796D1A;
					};
				};
			};
			buildConfigurationList = 911E47CB2B87363600796D1A /* Build configuration list for PBXProject "AISightQuest" */;
			compatibilityVersion = "Xcode 14.0";
			developmentRegion = en;
			hasScannedForEncodings = 0;
			knownRegions = (
				en,
				Base,
			);
			mainGroup = 911E47C72B87363600796D1A;
			packageReferences = (
				919F8D262B94CE73003E735A /* XCRemoteSwiftPackageReference "lottie-ios" */,
			);
			productRefGroup = 911E47D12B87363600796D1A /* Products */;
			projectDirPath = "";
			projectRoot = "";
			targets = (
				911E47CF2B87363600796D1A /* AISightQuest */,
				911E47E12B87363800796D1A /* AISightQuestTests */,
				911E47EB2B87363800796D1A /* AISightQuestUITests */,
			);
		};
/* End PBXProject section */

/* Begin PBXResourcesBuildPhase section */
		911E47CE2B87363600796D1A /* Resources */ = {
			isa = PBXResourcesBuildPhase;
			buildActionMask = 2147483647;
			files = (
				911E47DD2B87363800796D1A /* Preview Assets.xcassets in Resources */,
				91FDF5A22BA3A87200180583 /* Mainframe-Lottie-Light-Mode.json in Resources */,
				91897A442BBC94A800002F32 /* Mainframe-Lottie-Dark-Mode.json in Resources */,
				911E47DA2B87363800796D1A /* Assets.xcassets in Resources */,
				917F76A72BA222DE003A7031 /* Education-Lottie.json in Resources */,
				91ECF92A2B93E57000517B67 /* bert-base-uncased-vocab.txt in Resources */,
				91EF21EC2B894AF700FBFEC3 /* Localizable.xcstrings in Resources */,
				91897A422BBC8D9200002F32 /* AI-Sight-Quest-Lottie-Dark-Mode.json in Resources */,
				919F8D2A2B94CEB1003E735A /* AI-Sight-Quest-Lottie-Light-Mode.json in Resources */,
				917F76B12BA22BD7003A7031 /* Privacy-Lottie.json in Resources */,
				914CA7242BA3119E00AF7ED8 /* AI-Robot-Lottie.json in Resources */,
			);
			runOnlyForDeploymentPostprocessing = 0;
		};
		911E47E02B87363800796D1A /* Resources */ = {
			isa = PBXResourcesBuildPhase;
			buildActionMask = 2147483647;
			files = (
			);
			runOnlyForDeploymentPostprocessing = 0;
		};
		911E47EA2B87363800796D1A /* Resources */ = {
			isa = PBXResourcesBuildPhase;
			buildActionMask = 2147483647;
			files = (
			);
			runOnlyForDeploymentPostprocessing = 0;
		};
/* End PBXResourcesBuildPhase section */

/* Begin PBXSourcesBuildPhase section */
		911E47CC2B87363600796D1A /* Sources */ = {
			isa = PBXSourcesBuildPhase;
			buildActionMask = 2147483647;
			files = (
				91C5CB8B2B8B630800132C1E /* SessionFactory.swift in Sources */,
				91A7A97A2BC8942B00F79CB6 /* SpeechManager.swift in Sources */,
				919F8D252B94CE24003E735A /* LottieView.swift in Sources */,
				919F8D0B2B94C905003E735A /* IntroRouter.swift in Sources */,
				919F8D0D2B94CA80003E735A /* IntroFactory.swift in Sources */,
				91ECF9272B93E51E00517B67 /* TokenizedString.swift in Sources */,
				91ECF9232B93E51E00517B67 /* BERT.swift in Sources */,
				91ECF92D2B93E62300517B67 /* TextView.swift in Sources */,
				919F8D2E2B94D579003E735A /* StorageManager.swift in Sources */,
				9175871F2BDAF75A005BE5FB /* Stack.swift in Sources */,
				91ECF9252B93E51E00517B67 /* BERTOutput.swift in Sources */,
				919F8D132B94CB28003E735A /* IntroViewModel.swift in Sources */,
				91ECF91C2B93E48600517B67 /* Routes.swift in Sources */,
				91ECF9262B93E51E00517B67 /* BERTVocabulary.swift in Sources */,
				918391A22B8B94990085FF17 /* ScannerView.swift in Sources */,
				91FDF5A02BA38E5200180583 /* MainframeBackgroundView.swift in Sources */,
				91C5CB912B8B654700132C1E /* SessionViewModel.swift in Sources */,
				911E47D62B87363600796D1A /* MainframeView.swift in Sources */,
				91C6B6FE2BDC272800BD42A3 /* CustomProgressView.swift in Sources */,
				91C5CB942B8B662700132C1E /* SessionRouter.swift in Sources */,
				91C5CB7D2B8B589F00132C1E /* MainframeFactory.swift in Sources */,
				919F8D1B2B94CC7C003E735A /* SplashViewModel.swift in Sources */,
				919F8D2C2B94D52F003E735A /* UserDefaults.swift in Sources */,
				916128C92B890BEB001094E5 /* SessionRow.swift in Sources */,
				91661E292BBA0E3000F114EE /* NSAttributedString.swift in Sources */,
				91ECF9242B93E51E00517B67 /* BERTInput.swift in Sources */,
				919F8D392B95085B003E735A /* Intro.swift in Sources */,
				919F8D1D2B94CC85003E735A /* SplashView.swift in Sources */,
				911E47D82B87363600796D1A /* Session.swift in Sources */,
				911E47D42B87363600796D1A /* AISightQuestApp.swift in Sources */,
				91591E562BB626E100A72E1B /* (null) in Sources */,
				914BFE152BB9B112007C911E /* CustomButtonStyle.swift in Sources */,
				91C5CB8E2B8B651800132C1E /* SessionView.swift in Sources */,
				91C5CB892B8B62FC00132C1E /* SessionDependencyContainer.swift in Sources */,
				91F7B0E32BB0B5D400136241 /* ScanDocumentTip.swift in Sources */,
				918391A52B8B95960085FF17 /* TextRecognizer.swift in Sources */,
				91FB811A2BA622F50052C15F /* NewSessionTip.swift in Sources */,
				919F8D212B94CC9B003E735A /* SplashFactory.swift in Sources */,
				91C5CB962B8B6D2A00132C1E /* ModelContextExtension.swift in Sources */,
				91C5CB7B2B8B581100132C1E /* MainframeRouter.swift in Sources */,
				919F8D112B94CB01003E735A /* IntroView.swift in Sources */,
				919439C42B88DEA4006654C2 /* MainframeViewModel.swift in Sources */,
				91C5CB992B8B757700132C1E /* View.swift in Sources */,
				919F8D232B94CCA5003E735A /* SplashDependencyContainer.swift in Sources */,
				919F8D1F2B94CC8F003E735A /* SplashRouter.swift in Sources */,
				91C5CB7F2B8B58E000132C1E /* MainframeDependencyContainer.swift in Sources */,
				91C5CB842B8B5A2900132C1E /* ViewFactory.swift in Sources */,
				91C5CB822B8B5A1300132C1E /* NavigationState.swift in Sources */,
				919F8D0F2B94CA90003E735A /* IntroDependencyContainer.swift in Sources */,
				9141CF062BDC451E00DFAD4B /* SpeakerImage.swift in Sources */,
			);
			runOnlyForDeploymentPostprocessing = 0;
		};
		911E47DE2B87363800796D1A /* Sources */ = {
			isa = PBXSourcesBuildPhase;
			buildActionMask = 2147483647;
			files = (
				911E47E72B87363800796D1A /* AISightQuestTests.swift in Sources */,
			);
			runOnlyForDeploymentPostprocessing = 0;
		};
		911E47E82B87363800796D1A /* Sources */ = {
			isa = PBXSourcesBuildPhase;
			buildActionMask = 2147483647;
			files = (
				911E47F12B87363800796D1A /* AISightQuestUITests.swift in Sources */,
				911E47F32B87363800796D1A /* AISightQuestUITestsLaunchTests.swift in Sources */,
			);
			runOnlyForDeploymentPostprocessing = 0;
		};
/* End PBXSourcesBuildPhase section */

/* Begin PBXTargetDependency section */
		911E47E42B87363800796D1A /* PBXTargetDependency */ = {
			isa = PBXTargetDependency;
			target = 911E47CF2B87363600796D1A /* AISightQuest */;
			targetProxy = 911E47E32B87363800796D1A /* PBXContainerItemProxy */;
		};
		911E47EE2B87363800796D1A /* PBXTargetDependency */ = {
			isa = PBXTargetDependency;
			target = 911E47CF2B87363600796D1A /* AISightQuest */;
			targetProxy = 911E47ED2B87363800796D1A /* PBXContainerItemProxy */;
		};
/* End PBXTargetDependency section */

/* Begin XCBuildConfiguration section */
		911E47F42B87363800796D1A /* Debug */ = {
			isa = XCBuildConfiguration;
			buildSettings = {
				ALWAYS_SEARCH_USER_PATHS = NO;
				ASSETCATALOG_COMPILER_GENERATE_SWIFT_ASSET_SYMBOL_EXTENSIONS = YES;
				CLANG_ANALYZER_NONNULL = YES;
				CLANG_ANALYZER_NUMBER_OBJECT_CONVERSION = YES_AGGRESSIVE;
				CLANG_CXX_LANGUAGE_STANDARD = "gnu++20";
				CLANG_ENABLE_MODULES = YES;
				CLANG_ENABLE_OBJC_ARC = YES;
				CLANG_ENABLE_OBJC_WEAK = YES;
				CLANG_WARN_BLOCK_CAPTURE_AUTORELEASING = YES;
				CLANG_WARN_BOOL_CONVERSION = YES;
				CLANG_WARN_COMMA = YES;
				CLANG_WARN_CONSTANT_CONVERSION = YES;
				CLANG_WARN_DEPRECATED_OBJC_IMPLEMENTATIONS = YES;
				CLANG_WARN_DIRECT_OBJC_ISA_USAGE = YES_ERROR;
				CLANG_WARN_DOCUMENTATION_COMMENTS = YES;
				CLANG_WARN_EMPTY_BODY = YES;
				CLANG_WARN_ENUM_CONVERSION = YES;
				CLANG_WARN_INFINITE_RECURSION = YES;
				CLANG_WARN_INT_CONVERSION = YES;
				CLANG_WARN_NON_LITERAL_NULL_CONVERSION = YES;
				CLANG_WARN_OBJC_IMPLICIT_RETAIN_SELF = YES;
				CLANG_WARN_OBJC_LITERAL_CONVERSION = YES;
				CLANG_WARN_OBJC_ROOT_CLASS = YES_ERROR;
				CLANG_WARN_QUOTED_INCLUDE_IN_FRAMEWORK_HEADER = YES;
				CLANG_WARN_RANGE_LOOP_ANALYSIS = YES;
				CLANG_WARN_STRICT_PROTOTYPES = YES;
				CLANG_WARN_SUSPICIOUS_MOVE = YES;
				CLANG_WARN_UNGUARDED_AVAILABILITY = YES_AGGRESSIVE;
				CLANG_WARN_UNREACHABLE_CODE = YES;
				CLANG_WARN__DUPLICATE_METHOD_MATCH = YES;
				COPY_PHASE_STRIP = NO;
				DEBUG_INFORMATION_FORMAT = dwarf;
				ENABLE_STRICT_OBJC_MSGSEND = YES;
				ENABLE_TESTABILITY = YES;
				ENABLE_USER_SCRIPT_SANDBOXING = YES;
				GCC_C_LANGUAGE_STANDARD = gnu17;
				GCC_DYNAMIC_NO_PIC = NO;
				GCC_NO_COMMON_BLOCKS = YES;
				GCC_OPTIMIZATION_LEVEL = 0;
				GCC_PREPROCESSOR_DEFINITIONS = (
					"DEBUG=1",
					"$(inherited)",
				);
				GCC_WARN_64_TO_32_BIT_CONVERSION = YES;
				GCC_WARN_ABOUT_RETURN_TYPE = YES_ERROR;
				GCC_WARN_UNDECLARED_SELECTOR = YES;
				GCC_WARN_UNINITIALIZED_AUTOS = YES_AGGRESSIVE;
				GCC_WARN_UNUSED_FUNCTION = YES;
				GCC_WARN_UNUSED_VARIABLE = YES;
				IPHONEOS_DEPLOYMENT_TARGET = 17.0;
				LOCALIZATION_PREFERS_STRING_CATALOGS = YES;
				MTL_ENABLE_DEBUG_INFO = INCLUDE_SOURCE;
				MTL_FAST_MATH = YES;
				ONLY_ACTIVE_ARCH = YES;
				SDKROOT = iphoneos;
				SWIFT_ACTIVE_COMPILATION_CONDITIONS = "DEBUG $(inherited)";
				SWIFT_OPTIMIZATION_LEVEL = "-Onone";
			};
			name = Debug;
		};
		911E47F52B87363800796D1A /* Release */ = {
			isa = XCBuildConfiguration;
			buildSettings = {
				ALWAYS_SEARCH_USER_PATHS = NO;
				ASSETCATALOG_COMPILER_GENERATE_SWIFT_ASSET_SYMBOL_EXTENSIONS = YES;
				CLANG_ANALYZER_NONNULL = YES;
				CLANG_ANALYZER_NUMBER_OBJECT_CONVERSION = YES_AGGRESSIVE;
				CLANG_CXX_LANGUAGE_STANDARD = "gnu++20";
				CLANG_ENABLE_MODULES = YES;
				CLANG_ENABLE_OBJC_ARC = YES;
				CLANG_ENABLE_OBJC_WEAK = YES;
				CLANG_WARN_BLOCK_CAPTURE_AUTORELEASING = YES;
				CLANG_WARN_BOOL_CONVERSION = YES;
				CLANG_WARN_COMMA = YES;
				CLANG_WARN_CONSTANT_CONVERSION = YES;
				CLANG_WARN_DEPRECATED_OBJC_IMPLEMENTATIONS = YES;
				CLANG_WARN_DIRECT_OBJC_ISA_USAGE = YES_ERROR;
				CLANG_WARN_DOCUMENTATION_COMMENTS = YES;
				CLANG_WARN_EMPTY_BODY = YES;
				CLANG_WARN_ENUM_CONVERSION = YES;
				CLANG_WARN_INFINITE_RECURSION = YES;
				CLANG_WARN_INT_CONVERSION = YES;
				CLANG_WARN_NON_LITERAL_NULL_CONVERSION = YES;
				CLANG_WARN_OBJC_IMPLICIT_RETAIN_SELF = YES;
				CLANG_WARN_OBJC_LITERAL_CONVERSION = YES;
				CLANG_WARN_OBJC_ROOT_CLASS = YES_ERROR;
				CLANG_WARN_QUOTED_INCLUDE_IN_FRAMEWORK_HEADER = YES;
				CLANG_WARN_RANGE_LOOP_ANALYSIS = YES;
				CLANG_WARN_STRICT_PROTOTYPES = YES;
				CLANG_WARN_SUSPICIOUS_MOVE = YES;
				CLANG_WARN_UNGUARDED_AVAILABILITY = YES_AGGRESSIVE;
				CLANG_WARN_UNREACHABLE_CODE = YES;
				CLANG_WARN__DUPLICATE_METHOD_MATCH = YES;
				COPY_PHASE_STRIP = NO;
				DEBUG_INFORMATION_FORMAT = "dwarf-with-dsym";
				ENABLE_NS_ASSERTIONS = NO;
				ENABLE_STRICT_OBJC_MSGSEND = YES;
				ENABLE_USER_SCRIPT_SANDBOXING = YES;
				GCC_C_LANGUAGE_STANDARD = gnu17;
				GCC_NO_COMMON_BLOCKS = YES;
				GCC_WARN_64_TO_32_BIT_CONVERSION = YES;
				GCC_WARN_ABOUT_RETURN_TYPE = YES_ERROR;
				GCC_WARN_UNDECLARED_SELECTOR = YES;
				GCC_WARN_UNINITIALIZED_AUTOS = YES_AGGRESSIVE;
				GCC_WARN_UNUSED_FUNCTION = YES;
				GCC_WARN_UNUSED_VARIABLE = YES;
				IPHONEOS_DEPLOYMENT_TARGET = 17.0;
				LOCALIZATION_PREFERS_STRING_CATALOGS = YES;
				MTL_ENABLE_DEBUG_INFO = NO;
				MTL_FAST_MATH = YES;
				SDKROOT = iphoneos;
				SWIFT_COMPILATION_MODE = wholemodule;
				VALIDATE_PRODUCT = YES;
			};
			name = Release;
		};
		911E47F72B87363800796D1A /* Debug */ = {
			isa = XCBuildConfiguration;
			buildSettings = {
				ASSETCATALOG_COMPILER_APPICON_NAME = AppIcon;
				ASSETCATALOG_COMPILER_GLOBAL_ACCENT_COLOR_NAME = AccentColor;
				CODE_SIGN_STYLE = Automatic;
				CURRENT_PROJECT_VERSION = 1;
				DEVELOPMENT_ASSET_PATHS = "\"AISightQuest/Resources/Preview Content\"";
				DEVELOPMENT_TEAM = X8S7NK9ZBV;
				ENABLE_PREVIEWS = YES;
				GENERATE_INFOPLIST_FILE = YES;
				INFOPLIST_KEY_NSCameraUsageDescription = "Camera access to scan documents";
				INFOPLIST_KEY_UIApplicationSceneManifest_Generation = YES;
				INFOPLIST_KEY_UIApplicationSupportsIndirectInputEvents = YES;
				INFOPLIST_KEY_UILaunchScreen_Generation = YES;
				INFOPLIST_KEY_UIStatusBarStyle = "";
				INFOPLIST_KEY_UISupportedInterfaceOrientations = UIInterfaceOrientationPortrait;
				INFOPLIST_KEY_UISupportedInterfaceOrientations_iPad = "UIInterfaceOrientationLandscapeLeft UIInterfaceOrientationLandscapeRight UIInterfaceOrientationPortrait UIInterfaceOrientationPortraitUpsideDown";
				LD_RUNPATH_SEARCH_PATHS = (
					"$(inherited)",
					"@executable_path/Frameworks",
				);
				MARKETING_VERSION = 1.0.0;
				PRODUCT_BUNDLE_IDENTIFIER = mehdi2003karami.AISightQuest;
				PRODUCT_NAME = "$(TARGET_NAME)";
				SWIFT_EMIT_LOC_STRINGS = YES;
				SWIFT_VERSION = 5.0;
				TARGETED_DEVICE_FAMILY = "1,2";
			};
			name = Debug;
		};
		911E47F82B87363800796D1A /* Release */ = {
			isa = XCBuildConfiguration;
			buildSettings = {
				ASSETCATALOG_COMPILER_APPICON_NAME = AppIcon;
				ASSETCATALOG_COMPILER_GLOBAL_ACCENT_COLOR_NAME = AccentColor;
				CODE_SIGN_STYLE = Automatic;
				CURRENT_PROJECT_VERSION = 1;
				DEVELOPMENT_ASSET_PATHS = "\"AISightQuest/Resources/Preview Content\"";
				DEVELOPMENT_TEAM = X8S7NK9ZBV;
				ENABLE_PREVIEWS = YES;
				GENERATE_INFOPLIST_FILE = YES;
				INFOPLIST_KEY_NSCameraUsageDescription = "Camera access to scan documents";
				INFOPLIST_KEY_UIApplicationSceneManifest_Generation = YES;
				INFOPLIST_KEY_UIApplicationSupportsIndirectInputEvents = YES;
				INFOPLIST_KEY_UILaunchScreen_Generation = YES;
				INFOPLIST_KEY_UIStatusBarStyle = "";
				INFOPLIST_KEY_UISupportedInterfaceOrientations = UIInterfaceOrientationPortrait;
				INFOPLIST_KEY_UISupportedInterfaceOrientations_iPad = "UIInterfaceOrientationLandscapeLeft UIInterfaceOrientationLandscapeRight UIInterfaceOrientationPortrait UIInterfaceOrientationPortraitUpsideDown";
				LD_RUNPATH_SEARCH_PATHS = (
					"$(inherited)",
					"@executable_path/Frameworks",
				);
				MARKETING_VERSION = 1.0.0;
				PRODUCT_BUNDLE_IDENTIFIER = mehdi2003karami.AISightQuest;
				PRODUCT_NAME = "$(TARGET_NAME)";
				SWIFT_EMIT_LOC_STRINGS = YES;
				SWIFT_VERSION = 5.0;
				TARGETED_DEVICE_FAMILY = "1,2";
			};
			name = Release;
		};
		911E47FA2B87363800796D1A /* Debug */ = {
			isa = XCBuildConfiguration;
			buildSettings = {
				ALWAYS_EMBED_SWIFT_STANDARD_LIBRARIES = YES;
				BUNDLE_LOADER = "$(TEST_HOST)";
				CODE_SIGN_STYLE = Automatic;
				CURRENT_PROJECT_VERSION = 1;
				DEVELOPMENT_TEAM = X8S7NK9ZBV;
				GENERATE_INFOPLIST_FILE = YES;
				IPHONEOS_DEPLOYMENT_TARGET = 17.0;
				MARKETING_VERSION = 1.0;
				PRODUCT_BUNDLE_IDENTIFIER = mehdi.AISightQuestTests;
				PRODUCT_NAME = "$(TARGET_NAME)";
				SWIFT_EMIT_LOC_STRINGS = NO;
				SWIFT_VERSION = 5.0;
				TARGETED_DEVICE_FAMILY = "1,2";
				TEST_HOST = "$(BUILT_PRODUCTS_DIR)/AISightQuest.app/$(BUNDLE_EXECUTABLE_FOLDER_PATH)/AISightQuest";
			};
			name = Debug;
		};
		911E47FB2B87363800796D1A /* Release */ = {
			isa = XCBuildConfiguration;
			buildSettings = {
				ALWAYS_EMBED_SWIFT_STANDARD_LIBRARIES = YES;
				BUNDLE_LOADER = "$(TEST_HOST)";
				CODE_SIGN_STYLE = Automatic;
				CURRENT_PROJECT_VERSION = 1;
				DEVELOPMENT_TEAM = X8S7NK9ZBV;
				GENERATE_INFOPLIST_FILE = YES;
				IPHONEOS_DEPLOYMENT_TARGET = 17.0;
				MARKETING_VERSION = 1.0;
				PRODUCT_BUNDLE_IDENTIFIER = mehdi.AISightQuestTests;
				PRODUCT_NAME = "$(TARGET_NAME)";
				SWIFT_EMIT_LOC_STRINGS = NO;
				SWIFT_VERSION = 5.0;
				TARGETED_DEVICE_FAMILY = "1,2";
				TEST_HOST = "$(BUILT_PRODUCTS_DIR)/AISightQuest.app/$(BUNDLE_EXECUTABLE_FOLDER_PATH)/AISightQuest";
			};
			name = Release;
		};
		911E47FD2B87363800796D1A /* Debug */ = {
			isa = XCBuildConfiguration;
			buildSettings = {
				ALWAYS_EMBED_SWIFT_STANDARD_LIBRARIES = YES;
				CODE_SIGN_STYLE = Automatic;
				CURRENT_PROJECT_VERSION = 1;
				DEVELOPMENT_TEAM = X8S7NK9ZBV;
				GENERATE_INFOPLIST_FILE = YES;
				MARKETING_VERSION = 1.0;
				PRODUCT_BUNDLE_IDENTIFIER = mehdi.AISightQuestUITests;
				PRODUCT_NAME = "$(TARGET_NAME)";
				SWIFT_EMIT_LOC_STRINGS = NO;
				SWIFT_VERSION = 5.0;
				TARGETED_DEVICE_FAMILY = "1,2";
				TEST_TARGET_NAME = AISightQuest;
			};
			name = Debug;
		};
		911E47FE2B87363800796D1A /* Release */ = {
			isa = XCBuildConfiguration;
			buildSettings = {
				ALWAYS_EMBED_SWIFT_STANDARD_LIBRARIES = YES;
				CODE_SIGN_STYLE = Automatic;
				CURRENT_PROJECT_VERSION = 1;
				DEVELOPMENT_TEAM = X8S7NK9ZBV;
				GENERATE_INFOPLIST_FILE = YES;
				MARKETING_VERSION = 1.0;
				PRODUCT_BUNDLE_IDENTIFIER = mehdi.AISightQuestUITests;
				PRODUCT_NAME = "$(TARGET_NAME)";
				SWIFT_EMIT_LOC_STRINGS = NO;
				SWIFT_VERSION = 5.0;
				TARGETED_DEVICE_FAMILY = "1,2";
				TEST_TARGET_NAME = AISightQuest;
			};
			name = Release;
		};
/* End XCBuildConfiguration section */

/* Begin XCConfigurationList section */
		911E47CB2B87363600796D1A /* Build configuration list for PBXProject "AISightQuest" */ = {
			isa = XCConfigurationList;
			buildConfigurations = (
				911E47F42B87363800796D1A /* Debug */,
				911E47F52B87363800796D1A /* Release */,
			);
			defaultConfigurationIsVisible = 0;
			defaultConfigurationName = Release;
		};
		911E47F62B87363800796D1A /* Build configuration list for PBXNativeTarget "AISightQuest" */ = {
			isa = XCConfigurationList;
			buildConfigurations = (
				911E47F72B87363800796D1A /* Debug */,
				911E47F82B87363800796D1A /* Release */,
			);
			defaultConfigurationIsVisible = 0;
			defaultConfigurationName = Release;
		};
		911E47F92B87363800796D1A /* Build configuration list for PBXNativeTarget "AISightQuestTests" */ = {
			isa = XCConfigurationList;
			buildConfigurations = (
				911E47FA2B87363800796D1A /* Debug */,
				911E47FB2B87363800796D1A /* Release */,
			);
			defaultConfigurationIsVisible = 0;
			defaultConfigurationName = Release;
		};
		911E47FC2B87363800796D1A /* Build configuration list for PBXNativeTarget "AISightQuestUITests" */ = {
			isa = XCConfigurationList;
			buildConfigurations = (
				911E47FD2B87363800796D1A /* Debug */,
				911E47FE2B87363800796D1A /* Release */,
			);
			defaultConfigurationIsVisible = 0;
			defaultConfigurationName = Release;
		};
/* End XCConfigurationList section */

/* Begin XCRemoteSwiftPackageReference section */
		919F8D262B94CE73003E735A /* XCRemoteSwiftPackageReference "lottie-ios" */ = {
			isa = XCRemoteSwiftPackageReference;
			repositoryURL = "https://github.com/airbnb/lottie-ios.git";
			requirement = {
				kind = upToNextMajorVersion;
				minimumVersion = 4.4.1;
			};
		};
/* End XCRemoteSwiftPackageReference section */

/* Begin XCSwiftPackageProductDependency section */
		919F8D272B94CE73003E735A /* Lottie */ = {
			isa = XCSwiftPackageProductDependency;
			package = 919F8D262B94CE73003E735A /* XCRemoteSwiftPackageReference "lottie-ios" */;
			productName = Lottie;
		};
/* End XCSwiftPackageProductDependency section */
	};
	rootObject = 911E47C82B87363600796D1A /* Project object */;
}
